// !$*UTF8*$!
{
	archiveVersion = 1;
	classes = {
	};
	objectVersion = 50;
	objects = {

/* Begin PBXBuildFile section */
		082CF75F24D569E7001F7680 /* SampleSearch.storyboard in Resources */ = {isa = PBXBuildFile; fileRef = 082CF75E24D569E7001F7680 /* SampleSearch.storyboard */; };
		082CF76124D56DE4001F7680 /* SampleSearchViewController.swift in Sources */ = {isa = PBXBuildFile; fileRef = 082CF76024D56DE4001F7680 /* SampleSearchViewController.swift */; };
		082CF76324D59281001F7680 /* R.generated.swift in Sources */ = {isa = PBXBuildFile; fileRef = 082CF76224D59281001F7680 /* R.generated.swift */; };
		082CF76524D5A5B9001F7680 /* SampleArticleListViewController.swift in Sources */ = {isa = PBXBuildFile; fileRef = 082CF76424D5A5B9001F7680 /* SampleArticleListViewController.swift */; };
		082CF76824D5A82F001F7680 /* SampleArticleList.storyboard in Resources */ = {isa = PBXBuildFile; fileRef = 082CF76724D5A82F001F7680 /* SampleArticleList.storyboard */; };
		082CF76B24D5D526001F7680 /* APIClient.swift in Sources */ = {isa = PBXBuildFile; fileRef = 082CF76A24D5D526001F7680 /* APIClient.swift */; };
		083FD70024C33D2900383122 /* AppDelegate.swift in Sources */ = {isa = PBXBuildFile; fileRef = 083FD6FF24C33D2900383122 /* AppDelegate.swift */; };
		083FD70924C33D2B00383122 /* Assets.xcassets in Resources */ = {isa = PBXBuildFile; fileRef = 083FD70824C33D2B00383122 /* Assets.xcassets */; };
		083FD70C24C33D2B00383122 /* LaunchScreen.storyboard in Resources */ = {isa = PBXBuildFile; fileRef = 083FD70A24C33D2B00383122 /* LaunchScreen.storyboard */; };
		083FD71724C34D2300383122 /* Nuke.framework in Frameworks */ = {isa = PBXBuildFile; fileRef = 083FD71424C34D2300383122 /* Nuke.framework */; };
		0841933724D9505800BFCBD3 /* Logger.swift in Sources */ = {isa = PBXBuildFile; fileRef = 0841933624D9505800BFCBD3 /* Logger.swift */; };
		0841933924D950FF00BFCBD3 /* ErrorType.swift in Sources */ = {isa = PBXBuildFile; fileRef = 0841933824D950FF00BFCBD3 /* ErrorType.swift */; };
		08527CC824C6FEE900C1F1D5 /* LoginViewController.swift in Sources */ = {isa = PBXBuildFile; fileRef = 08527CC724C6FEE900C1F1D5 /* LoginViewController.swift */; };
		086F846524D997A00084571E /* UIAlertController+Extensions.swift in Sources */ = {isa = PBXBuildFile; fileRef = 086F846424D997A00084571E /* UIAlertController+Extensions.swift */; };
		088E557524D660B700A2FE3E /* SampleArticleListCell.swift in Sources */ = {isa = PBXBuildFile; fileRef = 088E557324D660B700A2FE3E /* SampleArticleListCell.swift */; };
		088E557624D660B700A2FE3E /* SampleArticleListCell.xib in Resources */ = {isa = PBXBuildFile; fileRef = 088E557424D660B700A2FE3E /* SampleArticleListCell.xib */; };
		088E557A24D669AF00A2FE3E /* Array+Extensions.swift in Sources */ = {isa = PBXBuildFile; fileRef = 088E557924D669AF00A2FE3E /* Array+Extensions.swift */; };
		088E557D24D7190300A2FE3E /* MainTabBarController.swift in Sources */ = {isa = PBXBuildFile; fileRef = 088E557C24D7190300A2FE3E /* MainTabBarController.swift */; };
		08C5FE1E24CD7256007100CA /* Login.storyboard in Resources */ = {isa = PBXBuildFile; fileRef = 08C5FE1D24CD7256007100CA /* Login.storyboard */; };
		08C5FE2624CD7A8B007100CA /* Article.swift in Sources */ = {isa = PBXBuildFile; fileRef = 08C5FE2524CD7A8B007100CA /* Article.swift */; };
		08EF05C524C37A6600129792 /* Rswift.framework in Frameworks */ = {isa = PBXBuildFile; fileRef = 083FD71524C34D2300383122 /* Rswift.framework */; };
/* End PBXBuildFile section */

/* Begin PBXFileReference section */
		082CF75E24D569E7001F7680 /* SampleSearch.storyboard */ = {isa = PBXFileReference; lastKnownFileType = file.storyboard; path = SampleSearch.storyboard; sourceTree = "<group>"; };
		082CF76024D56DE4001F7680 /* SampleSearchViewController.swift */ = {isa = PBXFileReference; lastKnownFileType = sourcecode.swift; path = SampleSearchViewController.swift; sourceTree = "<group>"; };
		082CF76224D59281001F7680 /* R.generated.swift */ = {isa = PBXFileReference; fileEncoding = 4; lastKnownFileType = sourcecode.swift; path = R.generated.swift; sourceTree = "<group>"; };
		082CF76424D5A5B9001F7680 /* SampleArticleListViewController.swift */ = {isa = PBXFileReference; lastKnownFileType = sourcecode.swift; path = SampleArticleListViewController.swift; sourceTree = "<group>"; };
		082CF76724D5A82F001F7680 /* SampleArticleList.storyboard */ = {isa = PBXFileReference; lastKnownFileType = file.storyboard; path = SampleArticleList.storyboard; sourceTree = "<group>"; };
		082CF76A24D5D526001F7680 /* APIClient.swift */ = {isa = PBXFileReference; lastKnownFileType = sourcecode.swift; path = APIClient.swift; sourceTree = "<group>"; };
		083FD6FC24C33D2900383122 /* intern_homework.app */ = {isa = PBXFileReference; explicitFileType = wrapper.application; includeInIndex = 0; path = intern_homework.app; sourceTree = BUILT_PRODUCTS_DIR; };
		083FD6FF24C33D2900383122 /* AppDelegate.swift */ = {isa = PBXFileReference; lastKnownFileType = sourcecode.swift; path = AppDelegate.swift; sourceTree = "<group>"; };
		083FD70824C33D2B00383122 /* Assets.xcassets */ = {isa = PBXFileReference; lastKnownFileType = folder.assetcatalog; path = Assets.xcassets; sourceTree = "<group>"; };
		083FD70B24C33D2B00383122 /* Base */ = {isa = PBXFileReference; lastKnownFileType = file.storyboard; name = Base; path = Base.lproj/LaunchScreen.storyboard; sourceTree = "<group>"; };
		083FD70D24C33D2B00383122 /* Info.plist */ = {isa = PBXFileReference; lastKnownFileType = text.plist.xml; path = Info.plist; sourceTree = "<group>"; };
		083FD71424C34D2300383122 /* Nuke.framework */ = {isa = PBXFileReference; lastKnownFileType = wrapper.framework; name = Nuke.framework; path = Carthage/Build/iOS/Nuke.framework; sourceTree = "<group>"; };
		083FD71524C34D2300383122 /* Rswift.framework */ = {isa = PBXFileReference; lastKnownFileType = wrapper.framework; name = Rswift.framework; path = Carthage/Build/iOS/Rswift.framework; sourceTree = "<group>"; };
		083FD71624C34D2300383122 /* APIKit.framework */ = {isa = PBXFileReference; lastKnownFileType = wrapper.framework; name = APIKit.framework; path = Carthage/Build/iOS/APIKit.framework; sourceTree = "<group>"; };
		0841933624D9505800BFCBD3 /* Logger.swift */ = {isa = PBXFileReference; lastKnownFileType = sourcecode.swift; path = Logger.swift; sourceTree = "<group>"; };
		0841933824D950FF00BFCBD3 /* ErrorType.swift */ = {isa = PBXFileReference; lastKnownFileType = sourcecode.swift; path = ErrorType.swift; sourceTree = "<group>"; };
		08527CC724C6FEE900C1F1D5 /* LoginViewController.swift */ = {isa = PBXFileReference; lastKnownFileType = sourcecode.swift; path = LoginViewController.swift; sourceTree = "<group>"; };
		086F846424D997A00084571E /* UIAlertController+Extensions.swift */ = {isa = PBXFileReference; lastKnownFileType = sourcecode.swift; path = "UIAlertController+Extensions.swift"; sourceTree = "<group>"; };
		088E557324D660B700A2FE3E /* SampleArticleListCell.swift */ = {isa = PBXFileReference; lastKnownFileType = sourcecode.swift; path = SampleArticleListCell.swift; sourceTree = "<group>"; };
		088E557424D660B700A2FE3E /* SampleArticleListCell.xib */ = {isa = PBXFileReference; lastKnownFileType = file.xib; path = SampleArticleListCell.xib; sourceTree = "<group>"; };
		088E557924D669AF00A2FE3E /* Array+Extensions.swift */ = {isa = PBXFileReference; lastKnownFileType = sourcecode.swift; path = "Array+Extensions.swift"; sourceTree = "<group>"; };
		088E557C24D7190300A2FE3E /* MainTabBarController.swift */ = {isa = PBXFileReference; lastKnownFileType = sourcecode.swift; path = MainTabBarController.swift; sourceTree = "<group>"; };
		08C5FE1D24CD7256007100CA /* Login.storyboard */ = {isa = PBXFileReference; lastKnownFileType = file.storyboard; path = Login.storyboard; sourceTree = "<group>"; };
		08C5FE2524CD7A8B007100CA /* Article.swift */ = {isa = PBXFileReference; lastKnownFileType = sourcecode.swift; path = Article.swift; sourceTree = "<group>"; };
/* End PBXFileReference section */

/* Begin PBXFrameworksBuildPhase section */
		083FD6F924C33D2900383122 /* Frameworks */ = {
			isa = PBXFrameworksBuildPhase;
			buildActionMask = 2147483647;
			files = (
				08EF05C524C37A6600129792 /* Rswift.framework in Frameworks */,
				083FD71724C34D2300383122 /* Nuke.framework in Frameworks */,
			);
			runOnlyForDeploymentPostprocessing = 0;
		};
/* End PBXFrameworksBuildPhase section */

/* Begin PBXGroup section */
		082CF75D24D56946001F7680 /* Search */ = {
			isa = PBXGroup;
			children = (
				082CF75E24D569E7001F7680 /* SampleSearch.storyboard */,
				082CF76024D56DE4001F7680 /* SampleSearchViewController.swift */,
			);
			path = Search;
			sourceTree = "<group>";
		};
		082CF76624D5A816001F7680 /* AriticleList */ = {
			isa = PBXGroup;
			children = (
				082CF76724D5A82F001F7680 /* SampleArticleList.storyboard */,
				082CF76424D5A5B9001F7680 /* SampleArticleListViewController.swift */,
				088E557424D660B700A2FE3E /* SampleArticleListCell.xib */,
				088E557324D660B700A2FE3E /* SampleArticleListCell.swift */,
			);
			path = AriticleList;
			sourceTree = "<group>";
		};
		082CF76924D5B245001F7680 /* Client */ = {
			isa = PBXGroup;
			children = (
				082CF76A24D5D526001F7680 /* APIClient.swift */,
				0841933824D950FF00BFCBD3 /* ErrorType.swift */,
				0841933624D9505800BFCBD3 /* Logger.swift */,
			);
			path = Client;
			sourceTree = "<group>";
		};
		083FD6F324C33D2900383122 = {
			isa = PBXGroup;
			children = (
				083FD6FE24C33D2900383122 /* intern_homework */,
				083FD6FD24C33D2900383122 /* Products */,
				083FD71324C34D2300383122 /* Frameworks */,
			);
			sourceTree = "<group>";
		};
		083FD6FD24C33D2900383122 /* Products */ = {
			isa = PBXGroup;
			children = (
				083FD6FC24C33D2900383122 /* intern_homework.app */,
			);
			name = Products;
			sourceTree = "<group>";
		};
		083FD6FE24C33D2900383122 /* intern_homework */ = {
			isa = PBXGroup;
			children = (
				08C5FE2324CD79D4007100CA /* API */,
				08527CC924C7001400C1F1D5 /* SampleScreen */,
				08CC377D24D9870200438D2F /* Screen */,
				088E557724D6698900A2FE3E /* Utils */,
				083FD6FF24C33D2900383122 /* AppDelegate.swift */,
				083FD70824C33D2B00383122 /* Assets.xcassets */,
				083FD70D24C33D2B00383122 /* Info.plist */,
				083FD70A24C33D2B00383122 /* LaunchScreen.storyboard */,
				082CF76224D59281001F7680 /* R.generated.swift */,
			);
			path = intern_homework;
			sourceTree = "<group>";
		};
		083FD71324C34D2300383122 /* Frameworks */ = {
			isa = PBXGroup;
			children = (
				083FD71624C34D2300383122 /* APIKit.framework */,
				083FD71424C34D2300383122 /* Nuke.framework */,
				083FD71524C34D2300383122 /* Rswift.framework */,
			);
			name = Frameworks;
			sourceTree = "<group>";
		};
		08527CC924C7001400C1F1D5 /* SampleScreen */ = {
			isa = PBXGroup;
			children = (
				088E557B24D718A400A2FE3E /* MainTabBar */,
				08C5FE1C24CD7234007100CA /* Login */,
				082CF75D24D56946001F7680 /* Search */,
				082CF76624D5A816001F7680 /* AriticleList */,
			);
			path = SampleScreen;
			sourceTree = "<group>";
		};
		088E557724D6698900A2FE3E /* Utils */ = {
			isa = PBXGroup;
			children = (
				088E557824D6699500A2FE3E /* Extensions */,
			);
			path = Utils;
			sourceTree = "<group>";
		};
		088E557824D6699500A2FE3E /* Extensions */ = {
			isa = PBXGroup;
			children = (
				088E557924D669AF00A2FE3E /* Array+Extensions.swift */,
				086F846424D997A00084571E /* UIAlertController+Extensions.swift */,
			);
			path = Extensions;
			sourceTree = "<group>";
		};
		088E557B24D718A400A2FE3E /* MainTabBar */ = {
			isa = PBXGroup;
			children = (
				088E557C24D7190300A2FE3E /* MainTabBarController.swift */,
			);
			path = MainTabBar;
			sourceTree = "<group>";
		};
		08C5FE1C24CD7234007100CA /* Login */ = {
			isa = PBXGroup;
			children = (
				08C5FE1D24CD7256007100CA /* Login.storyboard */,
				08527CC724C6FEE900C1F1D5 /* LoginViewController.swift */,
			);
			path = Login;
			sourceTree = "<group>";
		};
		08C5FE2324CD79D4007100CA /* API */ = {
			isa = PBXGroup;
			children = (
				082CF76924D5B245001F7680 /* Client */,
				08C5FE2424CD7A0B007100CA /* Entity */,
			);
			path = API;
			sourceTree = "<group>";
		};
		08C5FE2424CD7A0B007100CA /* Entity */ = {
			isa = PBXGroup;
			children = (
				08C5FE2524CD7A8B007100CA /* Article.swift */,
			);
			path = Entity;
			sourceTree = "<group>";
		};
		08CC377D24D9870200438D2F /* Screen */ = {
			isa = PBXGroup;
			children = (
			);
			path = Screen;
			sourceTree = "<group>";
		};
/* End PBXGroup section */

/* Begin PBXNativeTarget section */
		083FD6FB24C33D2900383122 /* intern_homework */ = {
			isa = PBXNativeTarget;
			buildConfigurationList = 083FD71024C33D2B00383122 /* Build configuration list for PBXNativeTarget "intern_homework" */;
			buildPhases = (
				083FD71F24C371BF00383122 /* R.Swift */,
				083FD6F824C33D2900383122 /* Sources */,
				083FD6F924C33D2900383122 /* Frameworks */,
				083FD6FA24C33D2900383122 /* Resources */,
				08A6C8E824C46FA600A812DF /* SwiftLint */,
				083FD71E24C36F5700383122 /* Run Script Carthage */,
			);
			buildRules = (
			);
			dependencies = (
			);
			name = intern_homework;
			productName = Intern2020;
			productReference = 083FD6FC24C33D2900383122 /* intern_homework.app */;
			productType = "com.apple.product-type.application";
		};
/* End PBXNativeTarget section */

/* Begin PBXProject section */
		083FD6F424C33D2900383122 /* Project object */ = {
			isa = PBXProject;
			attributes = {
				LastSwiftUpdateCheck = 1150;
				LastUpgradeCheck = 1150;
				ORGANIZATIONNAME = caraquri;
				TargetAttributes = {
					083FD6FB24C33D2900383122 = {
						CreatedOnToolsVersion = 11.5;
					};
				};
			};
			buildConfigurationList = 083FD6F724C33D2900383122 /* Build configuration list for PBXProject "intern_homework" */;
			compatibilityVersion = "Xcode 9.3";
			developmentRegion = en;
			hasScannedForEncodings = 0;
			knownRegions = (
				en,
				Base,
			);
			mainGroup = 083FD6F324C33D2900383122;
			productRefGroup = 083FD6FD24C33D2900383122 /* Products */;
			projectDirPath = "";
			projectRoot = "";
			targets = (
				083FD6FB24C33D2900383122 /* intern_homework */,
			);
		};
/* End PBXProject section */

/* Begin PBXResourcesBuildPhase section */
		083FD6FA24C33D2900383122 /* Resources */ = {
			isa = PBXResourcesBuildPhase;
			buildActionMask = 2147483647;
			files = (
				088E557624D660B700A2FE3E /* SampleArticleListCell.xib in Resources */,
				082CF75F24D569E7001F7680 /* SampleSearch.storyboard in Resources */,
				08C5FE1E24CD7256007100CA /* Login.storyboard in Resources */,
				083FD70C24C33D2B00383122 /* LaunchScreen.storyboard in Resources */,
				083FD70924C33D2B00383122 /* Assets.xcassets in Resources */,
				082CF76824D5A82F001F7680 /* SampleArticleList.storyboard in Resources */,
			);
			runOnlyForDeploymentPostprocessing = 0;
		};
/* End PBXResourcesBuildPhase section */

/* Begin PBXShellScriptBuildPhase section */
		083FD71E24C36F5700383122 /* Run Script Carthage */ = {
			isa = PBXShellScriptBuildPhase;
			buildActionMask = 2147483647;
			files = (
			);
			inputFileListPaths = (
			);
			inputPaths = (
				"$(SRCROOT)/Carthage/Build/iOS/Nuke.framework",
				"$(SRCROOT)/Carthage/Build/iOS/Rswift.framework",
			);
			name = "Run Script Carthage";
			outputFileListPaths = (
			);
			outputPaths = (
			);
			runOnlyForDeploymentPostprocessing = 0;
			shellPath = /bin/sh;
			shellScript = "/usr/local/bin/carthage copy-frameworks\n";
		};
		083FD71F24C371BF00383122 /* R.Swift */ = {
			isa = PBXShellScriptBuildPhase;
			buildActionMask = 2147483647;
			files = (
			);
			inputFileListPaths = (
			);
			inputPaths = (
				"$TEMP_DIR/rswift-lastrun",
			);
			name = R.Swift;
			outputFileListPaths = (
			);
			outputPaths = (
				$SRCROOT/intern_homework/R.generated.swift,
			);
			runOnlyForDeploymentPostprocessing = 0;
			shellPath = /bin/sh;
			shellScript = "\"$SRCROOT/rswift/rswift\" generate \"$SRCROOT/intern_homework/R.generated.swift\"\n";
		};
		08A6C8E824C46FA600A812DF /* SwiftLint */ = {
			isa = PBXShellScriptBuildPhase;
			buildActionMask = 2147483647;
			files = (
			);
			inputFileListPaths = (
			);
			inputPaths = (
			);
			name = SwiftLint;
			outputFileListPaths = (
			);
			outputPaths = (
			);
			runOnlyForDeploymentPostprocessing = 0;
			shellPath = /bin/sh;
			shellScript = "if which swiftlint >/dev/null; then\n  swiftlint\nelse\n  echo \"warning: SwiftLint not installed, download from https://github.com/realm/SwiftLint\"\nfi\n";
		};
/* End PBXShellScriptBuildPhase section */

/* Begin PBXSourcesBuildPhase section */
		083FD6F824C33D2900383122 /* Sources */ = {
			isa = PBXSourcesBuildPhase;
			buildActionMask = 2147483647;
			files = (
				08527CC824C6FEE900C1F1D5 /* LoginViewController.swift in Sources */,
				0841933724D9505800BFCBD3 /* Logger.swift in Sources */,
				088E557A24D669AF00A2FE3E /* Array+Extensions.swift in Sources */,
				083FD70024C33D2900383122 /* AppDelegate.swift in Sources */,
				088E557524D660B700A2FE3E /* SampleArticleListCell.swift in Sources */,
				082CF76B24D5D526001F7680 /* APIClient.swift in Sources */,
				082CF76324D59281001F7680 /* R.generated.swift in Sources */,
				082CF76524D5A5B9001F7680 /* SampleArticleListViewController.swift in Sources */,
				088E557D24D7190300A2FE3E /* MainTabBarController.swift in Sources */,
				08C5FE2624CD7A8B007100CA /* Article.swift in Sources */,
				0841933924D950FF00BFCBD3 /* ErrorType.swift in Sources */,
				082CF76124D56DE4001F7680 /* SampleSearchViewController.swift in Sources */,
				086F846524D997A00084571E /* UIAlertController+Extensions.swift in Sources */,
			);
			runOnlyForDeploymentPostprocessing = 0;
		};
/* End PBXSourcesBuildPhase section */

/* Begin PBXVariantGroup section */
		083FD70A24C33D2B00383122 /* LaunchScreen.storyboard */ = {
			isa = PBXVariantGroup;
			children = (
				083FD70B24C33D2B00383122 /* Base */,
			);
			name = LaunchScreen.storyboard;
			sourceTree = "<group>";
		};
/* End PBXVariantGroup section */

/* Begin XCBuildConfiguration section */
		083FD70E24C33D2B00383122 /* Debug */ = {
			isa = XCBuildConfiguration;
			buildSettings = {
				ALWAYS_SEARCH_USER_PATHS = NO;
				CLANG_ANALYZER_NONNULL = YES;
				CLANG_ANALYZER_NUMBER_OBJECT_CONVERSION = YES_AGGRESSIVE;
				CLANG_CXX_LANGUAGE_STANDARD = "gnu++14";
				CLANG_CXX_LIBRARY = "libc++";
				CLANG_ENABLE_MODULES = YES;
				CLANG_ENABLE_OBJC_ARC = YES;
				CLANG_ENABLE_OBJC_WEAK = YES;
				CLANG_WARN_BLOCK_CAPTURE_AUTORELEASING = YES;
				CLANG_WARN_BOOL_CONVERSION = YES;
				CLANG_WARN_COMMA = YES;
				CLANG_WARN_CONSTANT_CONVERSION = YES;
				CLANG_WARN_DEPRECATED_OBJC_IMPLEMENTATIONS = YES;
				CLANG_WARN_DIRECT_OBJC_ISA_USAGE = YES_ERROR;
				CLANG_WARN_DOCUMENTATION_COMMENTS = YES;
				CLANG_WARN_EMPTY_BODY = YES;
				CLANG_WARN_ENUM_CONVERSION = YES;
				CLANG_WARN_INFINITE_RECURSION = YES;
				CLANG_WARN_INT_CONVERSION = YES;
				CLANG_WARN_NON_LITERAL_NULL_CONVERSION = YES;
				CLANG_WARN_OBJC_IMPLICIT_RETAIN_SELF = YES;
				CLANG_WARN_OBJC_LITERAL_CONVERSION = YES;
				CLANG_WARN_OBJC_ROOT_CLASS = YES_ERROR;
				CLANG_WARN_RANGE_LOOP_ANALYSIS = YES;
				CLANG_WARN_STRICT_PROTOTYPES = YES;
				CLANG_WARN_SUSPICIOUS_MOVE = YES;
				CLANG_WARN_UNGUARDED_AVAILABILITY = YES_AGGRESSIVE;
				CLANG_WARN_UNREACHABLE_CODE = YES;
				CLANG_WARN__DUPLICATE_METHOD_MATCH = YES;
				COPY_PHASE_STRIP = NO;
				DEBUG_INFORMATION_FORMAT = dwarf;
				ENABLE_STRICT_OBJC_MSGSEND = YES;
				ENABLE_TESTABILITY = YES;
				GCC_C_LANGUAGE_STANDARD = gnu11;
				GCC_DYNAMIC_NO_PIC = NO;
				GCC_NO_COMMON_BLOCKS = YES;
				GCC_OPTIMIZATION_LEVEL = 0;
				GCC_PREPROCESSOR_DEFINITIONS = (
					"DEBUG=1",
					"$(inherited)",
				);
				GCC_WARN_64_TO_32_BIT_CONVERSION = YES;
				GCC_WARN_ABOUT_RETURN_TYPE = YES_ERROR;
				GCC_WARN_UNDECLARED_SELECTOR = YES;
				GCC_WARN_UNINITIALIZED_AUTOS = YES_AGGRESSIVE;
				GCC_WARN_UNUSED_FUNCTION = YES;
				GCC_WARN_UNUSED_VARIABLE = YES;
				IPHONEOS_DEPLOYMENT_TARGET = 12.0;
				MTL_ENABLE_DEBUG_INFO = INCLUDE_SOURCE;
				MTL_FAST_MATH = YES;
				ONLY_ACTIVE_ARCH = YES;
				SDKROOT = iphoneos;
				SWIFT_ACTIVE_COMPILATION_CONDITIONS = DEBUG;
				SWIFT_OPTIMIZATION_LEVEL = "-Onone";
				SWIFT_VERSION = 5.0;
			};
			name = Debug;
		};
		083FD70F24C33D2B00383122 /* Release */ = {
			isa = XCBuildConfiguration;
			buildSettings = {
				ALWAYS_SEARCH_USER_PATHS = NO;
				CLANG_ANALYZER_NONNULL = YES;
				CLANG_ANALYZER_NUMBER_OBJECT_CONVERSION = YES_AGGRESSIVE;
				CLANG_CXX_LANGUAGE_STANDARD = "gnu++14";
				CLANG_CXX_LIBRARY = "libc++";
				CLANG_ENABLE_MODULES = YES;
				CLANG_ENABLE_OBJC_ARC = YES;
				CLANG_ENABLE_OBJC_WEAK = YES;
				CLANG_WARN_BLOCK_CAPTURE_AUTORELEASING = YES;
				CLANG_WARN_BOOL_CONVERSION = YES;
				CLANG_WARN_COMMA = YES;
				CLANG_WARN_CONSTANT_CONVERSION = YES;
				CLANG_WARN_DEPRECATED_OBJC_IMPLEMENTATIONS = YES;
				CLANG_WARN_DIRECT_OBJC_ISA_USAGE = YES_ERROR;
				CLANG_WARN_DOCUMENTATION_COMMENTS = YES;
				CLANG_WARN_EMPTY_BODY = YES;
				CLANG_WARN_ENUM_CONVERSION = YES;
				CLANG_WARN_INFINITE_RECURSION = YES;
				CLANG_WARN_INT_CONVERSION = YES;
				CLANG_WARN_NON_LITERAL_NULL_CONVERSION = YES;
				CLANG_WARN_OBJC_IMPLICIT_RETAIN_SELF = YES;
				CLANG_WARN_OBJC_LITERAL_CONVERSION = YES;
				CLANG_WARN_OBJC_ROOT_CLASS = YES_ERROR;
				CLANG_WARN_RANGE_LOOP_ANALYSIS = YES;
				CLANG_WARN_STRICT_PROTOTYPES = YES;
				CLANG_WARN_SUSPICIOUS_MOVE = YES;
				CLANG_WARN_UNGUARDED_AVAILABILITY = YES_AGGRESSIVE;
				CLANG_WARN_UNREACHABLE_CODE = YES;
				CLANG_WARN__DUPLICATE_METHOD_MATCH = YES;
				COPY_PHASE_STRIP = NO;
				DEBUG_INFORMATION_FORMAT = "dwarf-with-dsym";
				ENABLE_NS_ASSERTIONS = NO;
				ENABLE_STRICT_OBJC_MSGSEND = YES;
				GCC_C_LANGUAGE_STANDARD = gnu11;
				GCC_NO_COMMON_BLOCKS = YES;
				GCC_WARN_64_TO_32_BIT_CONVERSION = YES;
				GCC_WARN_ABOUT_RETURN_TYPE = YES_ERROR;
				GCC_WARN_UNDECLARED_SELECTOR = YES;
				GCC_WARN_UNINITIALIZED_AUTOS = YES_AGGRESSIVE;
				GCC_WARN_UNUSED_FUNCTION = YES;
				GCC_WARN_UNUSED_VARIABLE = YES;
				IPHONEOS_DEPLOYMENT_TARGET = 12.0;
				MTL_ENABLE_DEBUG_INFO = NO;
				MTL_FAST_MATH = YES;
				SDKROOT = iphoneos;
				SWIFT_COMPILATION_MODE = wholemodule;
				SWIFT_OPTIMIZATION_LEVEL = "-O";
				SWIFT_VERSION = 5.0;
				VALIDATE_PRODUCT = YES;
			};
			name = Release;
		};
		083FD71124C33D2B00383122 /* Debug */ = {
			isa = XCBuildConfiguration;
			buildSettings = {
				ASSETCATALOG_COMPILER_APPICON_NAME = AppIcon;
				CODE_SIGN_STYLE = Manual;
				DEVELOPMENT_TEAM = "";
				FRAMEWORK_SEARCH_PATHS = (
					"$(inherited)",
					"$(PROJECT_DIR)/Carthage/Build/iOS",
				);
				INFOPLIST_FILE = intern_homework/Info.plist;
				IPHONEOS_DEPLOYMENT_TARGET = 12.0;
				LD_RUNPATH_SEARCH_PATHS = (
					"$(inherited)",
					"@executable_path/Frameworks",
				);
				PRODUCT_BUNDLE_IDENTIFIER = "caraquri.Intern-homework";
				PRODUCT_NAME = intern_homework;
				PROVISIONING_PROFILE_SPECIFIER = "";
				SWIFT_VERSION = 5.0;
				TARGETED_DEVICE_FAMILY = 1;
			};
			name = Debug;
		};
		083FD71224C33D2B00383122 /* Release */ = {
			isa = XCBuildConfiguration;
			buildSettings = {
				ASSETCATALOG_COMPILER_APPICON_NAME = AppIcon;
				CODE_SIGN_STYLE = Manual;
				DEVELOPMENT_TEAM = "";
				FRAMEWORK_SEARCH_PATHS = (
					"$(inherited)",
					"$(PROJECT_DIR)/Carthage/Build/iOS",
				);
				INFOPLIST_FILE = intern_homework/Info.plist;
				IPHONEOS_DEPLOYMENT_TARGET = 12.0;
				LD_RUNPATH_SEARCH_PATHS = (
					"$(inherited)",
					"@executable_path/Frameworks",
				);
				PRODUCT_BUNDLE_IDENTIFIER = "caraquri.Intern-homework";
				PRODUCT_NAME = intern_homework;
				PROVISIONING_PROFILE_SPECIFIER = "";
				SWIFT_VERSION = 5.0;
				TARGETED_DEVICE_FAMILY = 1;
			};
			name = Release;
		};
/* End XCBuildConfiguration section */

/* Begin XCConfigurationList section */
		083FD6F724C33D2900383122 /* Build configuration list for PBXProject "intern_homework" */ = {
			isa = XCConfigurationList;
			buildConfigurations = (
				083FD70E24C33D2B00383122 /* Debug */,
				083FD70F24C33D2B00383122 /* Release */,
			);
			defaultConfigurationIsVisible = 0;
			defaultConfigurationName = Release;
		};
		083FD71024C33D2B00383122 /* Build configuration list for PBXNativeTarget "intern_homework" */ = {
			isa = XCConfigurationList;
			buildConfigurations = (
				083FD71124C33D2B00383122 /* Debug */,
				083FD71224C33D2B00383122 /* Release */,
			);
			defaultConfigurationIsVisible = 0;
			defaultConfigurationName = Release;
		};
/* End XCConfigurationList section */
	};
	rootObject = 083FD6F424C33D2900383122 /* Project object */;
}
